{
  "name": "d2llabs-aks-to-taxon-converter",
  "version": "0.1.0",
  "lockfileVersion": 3,
  "requires": true,
  "packages": {
    "": {
      "name": "d2llabs-aks-to-taxon-converter",
      "version": "0.1.0",
      "license": "Apache-2.0",
      "dependencies": {
        "csv-parse": "^4.6.3",
        "iconv-lite": "^0.4.15",
        "js2xmlparser": "^2.0.2"
      }
    },
    "node_modules/csv-parse": {
      "version": "4.16.3",
      "resolved": "https://registry.npmjs.org/csv-parse/-/csv-parse-4.16.3.tgz",
      "integrity": "sha512-cO1I/zmz4w2dcKHVvpCr7JVRu8/FymG5OEpmvsZYlccYolPBLoVGKUHgNoc4ZGkFeFlWGEDmMyBM+TTqRdW/wg=="
    },
    "node_modules/iconv-lite": {
      "version": "0.4.15",
      "license": "MIT",
      "engines": {
        "node": ">=0.10.0"
      }
    },
    "node_modules/js2xmlparser": {
      "version": "2.0.2",
      "license": "Apache-2.0",
      "dependencies": {
        "xmlcreate": "^0.1.1"
      }
    },
    "node_modules/js2xmlparser/node_modules/xmlcreate": {
      "version": "0.1.1",
      "license": "Apache-2.0"
    }
  }
}
